// !$*UTF8*$!
{
	archiveVersion = 1;
	classes = {
	};
	objectVersion = 56;
	objects = {

/* Begin PBXBuildFile section */
		BC02EC6F2BA7147900102B35 /* BreedsLoaderTests.swift in Sources */ = {isa = PBXBuildFile; fileRef = BC02EC6E2BA7147900102B35 /* BreedsLoaderTests.swift */; };
		BC02EC712BA716AF00102B35 /* GetterSetterFakeTests.swift in Sources */ = {isa = PBXBuildFile; fileRef = BC02EC702BA716AF00102B35 /* GetterSetterFakeTests.swift */; };
		BC02EC732BA7172600102B35 /* GetterSetterRealTests.swift in Sources */ = {isa = PBXBuildFile; fileRef = BC02EC722BA7172600102B35 /* GetterSetterRealTests.swift */; };
		BC02EC752BA7179100102B35 /* ImageLoaderTests.swift in Sources */ = {isa = PBXBuildFile; fileRef = BC02EC742BA7179100102B35 /* ImageLoaderTests.swift */; };
		BC02EC772BA7186200102B35 /* SoundPlayerDummyTests.swift in Sources */ = {isa = PBXBuildFile; fileRef = BC02EC762BA7186200102B35 /* SoundPlayerDummyTests.swift */; };
		BC02EC792BA718B300102B35 /* SoundPlayerRealTests.swift in Sources */ = {isa = PBXBuildFile; fileRef = BC02EC782BA718B300102B35 /* SoundPlayerRealTests.swift */; };
		BC02EC7B2BA7193900102B35 /* URLExtensionTests.swift in Sources */ = {isa = PBXBuildFile; fileRef = BC02EC7A2BA7193900102B35 /* URLExtensionTests.swift */; };
		BC02EC7D2BA719FD00102B35 /* URLProtocolStubTests.swift in Sources */ = {isa = PBXBuildFile; fileRef = BC02EC7C2BA719FD00102B35 /* URLProtocolStubTests.swift */; };
		BC02EC7F2BA71ADD00102B35 /* URLSessionExtensionTests.swift in Sources */ = {isa = PBXBuildFile; fileRef = BC02EC7E2BA71ADD00102B35 /* URLSessionExtensionTests.swift */; };
		BC02EC822BA71BBB00102B35 /* BreedsURLTests.swift in Sources */ = {isa = PBXBuildFile; fileRef = BC02EC812BA71BBB00102B35 /* BreedsURLTests.swift */; };
		BC02EC842BA71D3F00102B35 /* BreedTests.swift in Sources */ = {isa = PBXBuildFile; fileRef = BC02EC832BA71D3F00102B35 /* BreedTests.swift */; };
		BC02EC862BA71DC200102B35 /* LicenseTests.swift in Sources */ = {isa = PBXBuildFile; fileRef = BC02EC852BA71DC200102B35 /* LicenseTests.swift */; };
		BC02EC8A2BA71E5000102B35 /* SettingsTests.swift in Sources */ = {isa = PBXBuildFile; fileRef = BC02EC892BA71E5000102B35 /* SettingsTests.swift */; };
		BC02EC8C2BA7202F00102B35 /* SortOrderTests.swift in Sources */ = {isa = PBXBuildFile; fileRef = BC02EC8B2BA7202F00102B35 /* SortOrderTests.swift */; };
		BC02EC8E2BA720B200102B35 /* WorldTests.swift in Sources */ = {isa = PBXBuildFile; fileRef = BC02EC8D2BA720B200102B35 /* WorldTests.swift */; };
		BC02EC902BA7211B00102B35 /* BrowseBreedsViewModelTests.swift in Sources */ = {isa = PBXBuildFile; fileRef = BC02EC8F2BA7211B00102B35 /* BrowseBreedsViewModelTests.swift */; };
		BC4B80582BA488D500DA33C9 /* CatFancySwiftUIApp.swift in Sources */ = {isa = PBXBuildFile; fileRef = BC4B80572BA488D500DA33C9 /* CatFancySwiftUIApp.swift */; };
		BC4B805C2BA488D600DA33C9 /* Assets.xcassets in Resources */ = {isa = PBXBuildFile; fileRef = BC4B805B2BA488D600DA33C9 /* Assets.xcassets */; };
		BC4B80882BA48C4A00DA33C9 /* MainTabView.swift in Sources */ = {isa = PBXBuildFile; fileRef = BC4B80872BA48C4A00DA33C9 /* MainTabView.swift */; };
		BC4B808A2BA48D2400DA33C9 /* BrowseBreedsView.swift in Sources */ = {isa = PBXBuildFile; fileRef = BC4B80892BA48D2400DA33C9 /* BrowseBreedsView.swift */; };
		BC4B808C2BA48D3700DA33C9 /* SettingsView.swift in Sources */ = {isa = PBXBuildFile; fileRef = BC4B808B2BA48D3700DA33C9 /* SettingsView.swift */; };
		BC4B808E2BA48ED400DA33C9 /* BrowseBreedsViewModel.swift in Sources */ = {isa = PBXBuildFile; fileRef = BC4B808D2BA48ED400DA33C9 /* BrowseBreedsViewModel.swift */; };
		BC4B80912BA48F2C00DA33C9 /* chime.mp3 in Resources */ = {isa = PBXBuildFile; fileRef = BC4B808F2BA48F2C00DA33C9 /* chime.mp3 */; };
		BC4B80922BA48F2C00DA33C9 /* sadTrombone.mp3 in Resources */ = {isa = PBXBuildFile; fileRef = BC4B80902BA48F2C00DA33C9 /* sadTrombone.mp3 */; };
		BC4B80942BA48F3D00DA33C9 /* Breed.swift in Sources */ = {isa = PBXBuildFile; fileRef = BC4B80932BA48F3D00DA33C9 /* Breed.swift */; };
		BC4B80962BA48F6700DA33C9 /* License.swift in Sources */ = {isa = PBXBuildFile; fileRef = BC4B80952BA48F6600DA33C9 /* License.swift */; };
		BC4B80982BA48FAD00DA33C9 /* URLExtension.swift in Sources */ = {isa = PBXBuildFile; fileRef = BC4B80972BA48FAD00DA33C9 /* URLExtension.swift */; };
		BC4B809A2BA48FE900DA33C9 /* SoundPlayer.swift in Sources */ = {isa = PBXBuildFile; fileRef = BC4B80992BA48FE900DA33C9 /* SoundPlayer.swift */; };
		BC4B809C2BA4901100DA33C9 /* Sound.swift in Sources */ = {isa = PBXBuildFile; fileRef = BC4B809B2BA4901100DA33C9 /* Sound.swift */; };
		BC4B809E2BA4907300DA33C9 /* BreedsLoader.swift in Sources */ = {isa = PBXBuildFile; fileRef = BC4B809D2BA4907300DA33C9 /* BreedsLoader.swift */; };
		BC4B80A02BA4909100DA33C9 /* Breeds.swift in Sources */ = {isa = PBXBuildFile; fileRef = BC4B809F2BA4909100DA33C9 /* Breeds.swift */; };
		BCAEEC372BA5B2A5005AEC0F /* ErrorRetryView.swift in Sources */ = {isa = PBXBuildFile; fileRef = BCAEEC362BA5B2A5005AEC0F /* ErrorRetryView.swift */; };
		BCAEEC392BA5B2C6005AEC0F /* Layout.swift in Sources */ = {isa = PBXBuildFile; fileRef = BCAEEC382BA5B2C6005AEC0F /* Layout.swift */; };
		BCAEEC3B2BA5BCEE005AEC0F /* BreedDetailsView.swift in Sources */ = {isa = PBXBuildFile; fileRef = BCAEEC3A2BA5BCEE005AEC0F /* BreedDetailsView.swift */; };
		BCAEEC3E2BA5BF3C005AEC0F /* SortOrder.swift in Sources */ = {isa = PBXBuildFile; fileRef = BCAEEC3D2BA5BF3C005AEC0F /* SortOrder.swift */; };
		BCAEEC402BA5BF75005AEC0F /* Settings.swift in Sources */ = {isa = PBXBuildFile; fileRef = BCAEEC3F2BA5BF75005AEC0F /* Settings.swift */; };
		BCAEEC422BA5C8C6005AEC0F /* World.swift in Sources */ = {isa = PBXBuildFile; fileRef = BCAEEC412BA5C8C6005AEC0F /* World.swift */; };
		BCAEEC442BA5C933005AEC0F /* SoundPlayerReal.swift in Sources */ = {isa = PBXBuildFile; fileRef = BCAEEC432BA5C933005AEC0F /* SoundPlayerReal.swift */; };
		BCAEEC462BA5C9A8005AEC0F /* SoundPlayerDummy.swift in Sources */ = {isa = PBXBuildFile; fileRef = BCAEEC452BA5C9A8005AEC0F /* SoundPlayerDummy.swift */; };
		BCAEEC482BA5C9D7005AEC0F /* GetterSetter.swift in Sources */ = {isa = PBXBuildFile; fileRef = BCAEEC472BA5C9D7005AEC0F /* GetterSetter.swift */; };
		BCAEEC4A2BA5C9E1005AEC0F /* GetterSetterReal.swift in Sources */ = {isa = PBXBuildFile; fileRef = BCAEEC492BA5C9E1005AEC0F /* GetterSetterReal.swift */; };
		BCAEEC4C2BA5C9EB005AEC0F /* GetterSetterFake.swift in Sources */ = {isa = PBXBuildFile; fileRef = BCAEEC4B2BA5C9EB005AEC0F /* GetterSetterFake.swift */; };
		BCAEEC4E2BA5CAE7005AEC0F /* BreedsURL.swift in Sources */ = {isa = PBXBuildFile; fileRef = BCAEEC4D2BA5CAE7005AEC0F /* BreedsURL.swift */; };
		BCAEEC502BA5CB1E005AEC0F /* SessionType.swift in Sources */ = {isa = PBXBuildFile; fileRef = BCAEEC4F2BA5CB1E005AEC0F /* SessionType.swift */; };
		BCAEEC522BA5CB95005AEC0F /* URLSessionExtension.swift in Sources */ = {isa = PBXBuildFile; fileRef = BCAEEC512BA5CB95005AEC0F /* URLSessionExtension.swift */; };
		BCAEEC552BA5CC02005AEC0F /* MockData.swift in Sources */ = {isa = PBXBuildFile; fileRef = BCAEEC542BA5CC02005AEC0F /* MockData.swift */; };
		BCAEEC572BA5CC4B005AEC0F /* URLProtocolStub.swift in Sources */ = {isa = PBXBuildFile; fileRef = BCAEEC562BA5CC4B005AEC0F /* URLProtocolStub.swift */; };
		BCAEEC592BA5CC76005AEC0F /* ImageLoader.swift in Sources */ = {isa = PBXBuildFile; fileRef = BCAEEC582BA5CC76005AEC0F /* ImageLoader.swift */; };
		BCAEEC722BA5D08D005AEC0F /* breeds_empty.json in Resources */ = {isa = PBXBuildFile; fileRef = BCAEEC5A2BA5D08C005AEC0F /* breeds_empty.json */; };
		BCAEEC732BA5D08D005AEC0F /* breeds_with_more.json in Resources */ = {isa = PBXBuildFile; fileRef = BCAEEC5B2BA5D08C005AEC0F /* breeds_with_more.json */; };
		BCAEEC742BA5D08D005AEC0F /* breeds.json in Resources */ = {isa = PBXBuildFile; fileRef = BCAEEC5C2BA5D08C005AEC0F /* breeds.json */; };
		BCAEEC752BA5D08D005AEC0F /* Abyssinian.jpg in Resources */ = {isa = PBXBuildFile; fileRef = BCAEEC5D2BA5D08D005AEC0F /* Abyssinian.jpg */; };
		BCAEEC762BA5D08D005AEC0F /* Balinese.jpg in Resources */ = {isa = PBXBuildFile; fileRef = BCAEEC5E2BA5D08D005AEC0F /* Balinese.jpg */; };
		BCAEEC772BA5D08D005AEC0F /* Bengal.jpg in Resources */ = {isa = PBXBuildFile; fileRef = BCAEEC5F2BA5D08D005AEC0F /* Bengal.jpg */; };
		BCAEEC782BA5D08D005AEC0F /* Burmese.jpg in Resources */ = {isa = PBXBuildFile; fileRef = BCAEEC602BA5D08D005AEC0F /* Burmese.jpg */; };
		BCAEEC792BA5D08D005AEC0F /* CloudedLeopard.jpg in Resources */ = {isa = PBXBuildFile; fileRef = BCAEEC612BA5D08D005AEC0F /* CloudedLeopard.jpg */; };
		BCAEEC7A2BA5D08D005AEC0F /* DevonRex.jpg in Resources */ = {isa = PBXBuildFile; fileRef = BCAEEC622BA5D08D005AEC0F /* DevonRex.jpg */; };
		BCAEEC7B2BA5D08D005AEC0F /* EuropeanWildcat.jpg in Resources */ = {isa = PBXBuildFile; fileRef = BCAEEC632BA5D08D005AEC0F /* EuropeanWildcat.jpg */; };
		BCAEEC7C2BA5D08D005AEC0F /* MaineCoon.jpg in Resources */ = {isa = PBXBuildFile; fileRef = BCAEEC642BA5D08D005AEC0F /* MaineCoon.jpg */; };
		BCAEEC7D2BA5D08D005AEC0F /* Manx.jpg in Resources */ = {isa = PBXBuildFile; fileRef = BCAEEC652BA5D08D005AEC0F /* Manx.jpg */; };
		BCAEEC7E2BA5D08D005AEC0F /* Ragdoll.jpg in Resources */ = {isa = PBXBuildFile; fileRef = BCAEEC662BA5D08D005AEC0F /* Ragdoll.jpg */; };
		BCAEEC7F2BA5D08D005AEC0F /* RussianBlue.jpg in Resources */ = {isa = PBXBuildFile; fileRef = BCAEEC672BA5D08D005AEC0F /* RussianBlue.jpg */; };
		BCAEEC802BA5D08D005AEC0F /* Sand.jpg in Resources */ = {isa = PBXBuildFile; fileRef = BCAEEC682BA5D08D005AEC0F /* Sand.jpg */; };
		BCAEEC812BA5D08D005AEC0F /* Savannah.jpg in Resources */ = {isa = PBXBuildFile; fileRef = BCAEEC692BA5D08D005AEC0F /* Savannah.jpg */; };
		BCAEEC822BA5D08D005AEC0F /* Serval.jpg in Resources */ = {isa = PBXBuildFile; fileRef = BCAEEC6A2BA5D08D005AEC0F /* Serval.jpg */; };
		BCAEEC832BA5D08D005AEC0F /* Siamese.jpg in Resources */ = {isa = PBXBuildFile; fileRef = BCAEEC6B2BA5D08D005AEC0F /* Siamese.jpg */; };
		BCAEEC842BA5D08D005AEC0F /* Smilodon.jpg in Resources */ = {isa = PBXBuildFile; fileRef = BCAEEC6C2BA5D08D005AEC0F /* Smilodon.jpg */; };
		BCAEEC852BA5D08D005AEC0F /* Tonkinese.jpg in Resources */ = {isa = PBXBuildFile; fileRef = BCAEEC6D2BA5D08D005AEC0F /* Tonkinese.jpg */; };
		BCAEEC862BA5D08D005AEC0F /* TurkishAngora.jpg in Resources */ = {isa = PBXBuildFile; fileRef = BCAEEC6E2BA5D08D005AEC0F /* TurkishAngora.jpg */; };
		BCAEEC872BA5D08D005AEC0F /* Van.jpg in Resources */ = {isa = PBXBuildFile; fileRef = BCAEEC6F2BA5D08D005AEC0F /* Van.jpg */; };
		BCAEEC882BA5D08D005AEC0F /* breeds_malformed.json in Resources */ = {isa = PBXBuildFile; fileRef = BCAEEC712BA5D08D005AEC0F /* breeds_malformed.json */; };
		BCAEEC8A2BA5DEE1005AEC0F /* Modifier.swift in Sources */ = {isa = PBXBuildFile; fileRef = BCAEEC892BA5DEE1005AEC0F /* Modifier.swift */; };
		BCAEEC8C2BA5E759005AEC0F /* CatFancySwiftUITestApp.swift in Sources */ = {isa = PBXBuildFile; fileRef = BCAEEC8B2BA5E759005AEC0F /* CatFancySwiftUITestApp.swift */; };
		BCAEEC8E2BA5E7AC005AEC0F /* AppLauncher.swift in Sources */ = {isa = PBXBuildFile; fileRef = BCAEEC8D2BA5E7AC005AEC0F /* AppLauncher.swift */; };
/* End PBXBuildFile section */

/* Begin PBXContainerItemProxy section */
		BC4B80652BA488D600DA33C9 /* PBXContainerItemProxy */ = {
			isa = PBXContainerItemProxy;
			containerPortal = BC4B804C2BA488D500DA33C9 /* Project object */;
			proxyType = 1;
			remoteGlobalIDString = BC4B80532BA488D500DA33C9;
			remoteInfo = CatFancySwiftUI;
		};
/* End PBXContainerItemProxy section */

/* Begin PBXFileReference section */
		BC02EC6E2BA7147900102B35 /* BreedsLoaderTests.swift */ = {isa = PBXFileReference; lastKnownFileType = sourcecode.swift; path = BreedsLoaderTests.swift; sourceTree = "<group>"; };
		BC02EC702BA716AF00102B35 /* GetterSetterFakeTests.swift */ = {isa = PBXFileReference; lastKnownFileType = sourcecode.swift; path = GetterSetterFakeTests.swift; sourceTree = "<group>"; };
		BC02EC722BA7172600102B35 /* GetterSetterRealTests.swift */ = {isa = PBXFileReference; lastKnownFileType = sourcecode.swift; path = GetterSetterRealTests.swift; sourceTree = "<group>"; };
		BC02EC742BA7179100102B35 /* ImageLoaderTests.swift */ = {isa = PBXFileReference; lastKnownFileType = sourcecode.swift; path = ImageLoaderTests.swift; sourceTree = "<group>"; };
		BC02EC762BA7186200102B35 /* SoundPlayerDummyTests.swift */ = {isa = PBXFileReference; lastKnownFileType = sourcecode.swift; path = SoundPlayerDummyTests.swift; sourceTree = "<group>"; };
		BC02EC782BA718B300102B35 /* SoundPlayerRealTests.swift */ = {isa = PBXFileReference; lastKnownFileType = sourcecode.swift; path = SoundPlayerRealTests.swift; sourceTree = "<group>"; };
		BC02EC7A2BA7193900102B35 /* URLExtensionTests.swift */ = {isa = PBXFileReference; lastKnownFileType = sourcecode.swift; path = URLExtensionTests.swift; sourceTree = "<group>"; };
		BC02EC7C2BA719FD00102B35 /* URLProtocolStubTests.swift */ = {isa = PBXFileReference; lastKnownFileType = sourcecode.swift; path = URLProtocolStubTests.swift; sourceTree = "<group>"; };
		BC02EC7E2BA71ADD00102B35 /* URLSessionExtensionTests.swift */ = {isa = PBXFileReference; lastKnownFileType = sourcecode.swift; path = URLSessionExtensionTests.swift; sourceTree = "<group>"; };
		BC02EC812BA71BBB00102B35 /* BreedsURLTests.swift */ = {isa = PBXFileReference; lastKnownFileType = sourcecode.swift; path = BreedsURLTests.swift; sourceTree = "<group>"; };
		BC02EC832BA71D3F00102B35 /* BreedTests.swift */ = {isa = PBXFileReference; lastKnownFileType = sourcecode.swift; path = BreedTests.swift; sourceTree = "<group>"; };
		BC02EC852BA71DC200102B35 /* LicenseTests.swift */ = {isa = PBXFileReference; lastKnownFileType = sourcecode.swift; path = LicenseTests.swift; sourceTree = "<group>"; };
		BC02EC892BA71E5000102B35 /* SettingsTests.swift */ = {isa = PBXFileReference; lastKnownFileType = sourcecode.swift; path = SettingsTests.swift; sourceTree = "<group>"; };
		BC02EC8B2BA7202F00102B35 /* SortOrderTests.swift */ = {isa = PBXFileReference; lastKnownFileType = sourcecode.swift; path = SortOrderTests.swift; sourceTree = "<group>"; };
		BC02EC8D2BA720B200102B35 /* WorldTests.swift */ = {isa = PBXFileReference; lastKnownFileType = sourcecode.swift; path = WorldTests.swift; sourceTree = "<group>"; };
		BC02EC8F2BA7211B00102B35 /* BrowseBreedsViewModelTests.swift */ = {isa = PBXFileReference; lastKnownFileType = sourcecode.swift; path = BrowseBreedsViewModelTests.swift; sourceTree = "<group>"; };
		BC4B80542BA488D500DA33C9 /* CatFancySwiftUI.app */ = {isa = PBXFileReference; explicitFileType = wrapper.application; includeInIndex = 0; path = CatFancySwiftUI.app; sourceTree = BUILT_PRODUCTS_DIR; };
		BC4B80572BA488D500DA33C9 /* CatFancySwiftUIApp.swift */ = {isa = PBXFileReference; lastKnownFileType = sourcecode.swift; path = CatFancySwiftUIApp.swift; sourceTree = "<group>"; };
		BC4B805B2BA488D600DA33C9 /* Assets.xcassets */ = {isa = PBXFileReference; lastKnownFileType = folder.assetcatalog; path = Assets.xcassets; sourceTree = "<group>"; };
		BC4B80642BA488D600DA33C9 /* CatFancySwiftUITests.xctest */ = {isa = PBXFileReference; explicitFileType = wrapper.cfbundle; includeInIndex = 0; path = CatFancySwiftUITests.xctest; sourceTree = BUILT_PRODUCTS_DIR; };
		BC4B80872BA48C4A00DA33C9 /* MainTabView.swift */ = {isa = PBXFileReference; lastKnownFileType = sourcecode.swift; path = MainTabView.swift; sourceTree = "<group>"; };
		BC4B80892BA48D2400DA33C9 /* BrowseBreedsView.swift */ = {isa = PBXFileReference; lastKnownFileType = sourcecode.swift; path = BrowseBreedsView.swift; sourceTree = "<group>"; };
		BC4B808B2BA48D3700DA33C9 /* SettingsView.swift */ = {isa = PBXFileReference; lastKnownFileType = sourcecode.swift; path = SettingsView.swift; sourceTree = "<group>"; };
		BC4B808D2BA48ED400DA33C9 /* BrowseBreedsViewModel.swift */ = {isa = PBXFileReference; lastKnownFileType = sourcecode.swift; path = BrowseBreedsViewModel.swift; sourceTree = "<group>"; };
		BC4B808F2BA48F2C00DA33C9 /* chime.mp3 */ = {isa = PBXFileReference; lastKnownFileType = audio.mp3; path = chime.mp3; sourceTree = "<group>"; };
		BC4B80902BA48F2C00DA33C9 /* sadTrombone.mp3 */ = {isa = PBXFileReference; lastKnownFileType = audio.mp3; path = sadTrombone.mp3; sourceTree = "<group>"; };
		BC4B80932BA48F3D00DA33C9 /* Breed.swift */ = {isa = PBXFileReference; lastKnownFileType = sourcecode.swift; path = Breed.swift; sourceTree = "<group>"; };
		BC4B80952BA48F6600DA33C9 /* License.swift */ = {isa = PBXFileReference; lastKnownFileType = sourcecode.swift; path = License.swift; sourceTree = "<group>"; };
		BC4B80972BA48FAD00DA33C9 /* URLExtension.swift */ = {isa = PBXFileReference; lastKnownFileType = sourcecode.swift; path = URLExtension.swift; sourceTree = "<group>"; };
		BC4B80992BA48FE900DA33C9 /* SoundPlayer.swift */ = {isa = PBXFileReference; lastKnownFileType = sourcecode.swift; path = SoundPlayer.swift; sourceTree = "<group>"; };
		BC4B809B2BA4901100DA33C9 /* Sound.swift */ = {isa = PBXFileReference; lastKnownFileType = sourcecode.swift; path = Sound.swift; sourceTree = "<group>"; };
		BC4B809D2BA4907300DA33C9 /* BreedsLoader.swift */ = {isa = PBXFileReference; lastKnownFileType = sourcecode.swift; path = BreedsLoader.swift; sourceTree = "<group>"; };
		BC4B809F2BA4909100DA33C9 /* Breeds.swift */ = {isa = PBXFileReference; lastKnownFileType = sourcecode.swift; path = Breeds.swift; sourceTree = "<group>"; };
		BCAEEC362BA5B2A5005AEC0F /* ErrorRetryView.swift */ = {isa = PBXFileReference; lastKnownFileType = sourcecode.swift; path = ErrorRetryView.swift; sourceTree = "<group>"; };
		BCAEEC382BA5B2C6005AEC0F /* Layout.swift */ = {isa = PBXFileReference; lastKnownFileType = sourcecode.swift; path = Layout.swift; sourceTree = "<group>"; };
		BCAEEC3A2BA5BCEE005AEC0F /* BreedDetailsView.swift */ = {isa = PBXFileReference; lastKnownFileType = sourcecode.swift; path = BreedDetailsView.swift; sourceTree = "<group>"; };
		BCAEEC3D2BA5BF3C005AEC0F /* SortOrder.swift */ = {isa = PBXFileReference; lastKnownFileType = sourcecode.swift; path = SortOrder.swift; sourceTree = "<group>"; };
		BCAEEC3F2BA5BF75005AEC0F /* Settings.swift */ = {isa = PBXFileReference; lastKnownFileType = sourcecode.swift; path = Settings.swift; sourceTree = "<group>"; };
		BCAEEC412BA5C8C6005AEC0F /* World.swift */ = {isa = PBXFileReference; lastKnownFileType = sourcecode.swift; path = World.swift; sourceTree = "<group>"; };
		BCAEEC432BA5C933005AEC0F /* SoundPlayerReal.swift */ = {isa = PBXFileReference; lastKnownFileType = sourcecode.swift; path = SoundPlayerReal.swift; sourceTree = "<group>"; };
		BCAEEC452BA5C9A8005AEC0F /* SoundPlayerDummy.swift */ = {isa = PBXFileReference; lastKnownFileType = sourcecode.swift; path = SoundPlayerDummy.swift; sourceTree = "<group>"; };
		BCAEEC472BA5C9D7005AEC0F /* GetterSetter.swift */ = {isa = PBXFileReference; lastKnownFileType = sourcecode.swift; path = GetterSetter.swift; sourceTree = "<group>"; };
		BCAEEC492BA5C9E1005AEC0F /* GetterSetterReal.swift */ = {isa = PBXFileReference; lastKnownFileType = sourcecode.swift; path = GetterSetterReal.swift; sourceTree = "<group>"; };
		BCAEEC4B2BA5C9EB005AEC0F /* GetterSetterFake.swift */ = {isa = PBXFileReference; lastKnownFileType = sourcecode.swift; path = GetterSetterFake.swift; sourceTree = "<group>"; };
		BCAEEC4D2BA5CAE7005AEC0F /* BreedsURL.swift */ = {isa = PBXFileReference; lastKnownFileType = sourcecode.swift; path = BreedsURL.swift; sourceTree = "<group>"; };
		BCAEEC4F2BA5CB1E005AEC0F /* SessionType.swift */ = {isa = PBXFileReference; lastKnownFileType = sourcecode.swift; path = SessionType.swift; sourceTree = "<group>"; };
		BCAEEC512BA5CB95005AEC0F /* URLSessionExtension.swift */ = {isa = PBXFileReference; lastKnownFileType = sourcecode.swift; path = URLSessionExtension.swift; sourceTree = "<group>"; };
		BCAEEC542BA5CC02005AEC0F /* MockData.swift */ = {isa = PBXFileReference; lastKnownFileType = sourcecode.swift; path = MockData.swift; sourceTree = "<group>"; };
		BCAEEC562BA5CC4B005AEC0F /* URLProtocolStub.swift */ = {isa = PBXFileReference; lastKnownFileType = sourcecode.swift; path = URLProtocolStub.swift; sourceTree = "<group>"; };
		BCAEEC582BA5CC76005AEC0F /* ImageLoader.swift */ = {isa = PBXFileReference; lastKnownFileType = sourcecode.swift; path = ImageLoader.swift; sourceTree = "<group>"; };
		BCAEEC5A2BA5D08C005AEC0F /* breeds_empty.json */ = {isa = PBXFileReference; fileEncoding = 4; lastKnownFileType = text.json; path = breeds_empty.json; sourceTree = "<group>"; };
		BCAEEC5B2BA5D08C005AEC0F /* breeds_with_more.json */ = {isa = PBXFileReference; fileEncoding = 4; lastKnownFileType = text.json; path = breeds_with_more.json; sourceTree = "<group>"; };
		BCAEEC5C2BA5D08C005AEC0F /* breeds.json */ = {isa = PBXFileReference; fileEncoding = 4; lastKnownFileType = text.json; path = breeds.json; sourceTree = "<group>"; };
		BCAEEC5D2BA5D08D005AEC0F /* Abyssinian.jpg */ = {isa = PBXFileReference; lastKnownFileType = image.jpeg; path = Abyssinian.jpg; sourceTree = "<group>"; };
		BCAEEC5E2BA5D08D005AEC0F /* Balinese.jpg */ = {isa = PBXFileReference; lastKnownFileType = image.jpeg; path = Balinese.jpg; sourceTree = "<group>"; };
		BCAEEC5F2BA5D08D005AEC0F /* Bengal.jpg */ = {isa = PBXFileReference; lastKnownFileType = image.jpeg; path = Bengal.jpg; sourceTree = "<group>"; };
		BCAEEC602BA5D08D005AEC0F /* Burmese.jpg */ = {isa = PBXFileReference; lastKnownFileType = image.jpeg; path = Burmese.jpg; sourceTree = "<group>"; };
		BCAEEC612BA5D08D005AEC0F /* CloudedLeopard.jpg */ = {isa = PBXFileReference; lastKnownFileType = image.jpeg; path = CloudedLeopard.jpg; sourceTree = "<group>"; };
		BCAEEC622BA5D08D005AEC0F /* DevonRex.jpg */ = {isa = PBXFileReference; lastKnownFileType = image.jpeg; path = DevonRex.jpg; sourceTree = "<group>"; };
		BCAEEC632BA5D08D005AEC0F /* EuropeanWildcat.jpg */ = {isa = PBXFileReference; lastKnownFileType = image.jpeg; path = EuropeanWildcat.jpg; sourceTree = "<group>"; };
		BCAEEC642BA5D08D005AEC0F /* MaineCoon.jpg */ = {isa = PBXFileReference; lastKnownFileType = image.jpeg; path = MaineCoon.jpg; sourceTree = "<group>"; };
		BCAEEC652BA5D08D005AEC0F /* Manx.jpg */ = {isa = PBXFileReference; lastKnownFileType = image.jpeg; path = Manx.jpg; sourceTree = "<group>"; };
		BCAEEC662BA5D08D005AEC0F /* Ragdoll.jpg */ = {isa = PBXFileReference; lastKnownFileType = image.jpeg; path = Ragdoll.jpg; sourceTree = "<group>"; };
		BCAEEC672BA5D08D005AEC0F /* RussianBlue.jpg */ = {isa = PBXFileReference; lastKnownFileType = image.jpeg; path = RussianBlue.jpg; sourceTree = "<group>"; };
		BCAEEC682BA5D08D005AEC0F /* Sand.jpg */ = {isa = PBXFileReference; lastKnownFileType = image.jpeg; path = Sand.jpg; sourceTree = "<group>"; };
		BCAEEC692BA5D08D005AEC0F /* Savannah.jpg */ = {isa = PBXFileReference; lastKnownFileType = image.jpeg; path = Savannah.jpg; sourceTree = "<group>"; };
		BCAEEC6A2BA5D08D005AEC0F /* Serval.jpg */ = {isa = PBXFileReference; lastKnownFileType = image.jpeg; path = Serval.jpg; sourceTree = "<group>"; };
		BCAEEC6B2BA5D08D005AEC0F /* Siamese.jpg */ = {isa = PBXFileReference; lastKnownFileType = image.jpeg; path = Siamese.jpg; sourceTree = "<group>"; };
		BCAEEC6C2BA5D08D005AEC0F /* Smilodon.jpg */ = {isa = PBXFileReference; lastKnownFileType = image.jpeg; path = Smilodon.jpg; sourceTree = "<group>"; };
		BCAEEC6D2BA5D08D005AEC0F /* Tonkinese.jpg */ = {isa = PBXFileReference; lastKnownFileType = image.jpeg; path = Tonkinese.jpg; sourceTree = "<group>"; };
		BCAEEC6E2BA5D08D005AEC0F /* TurkishAngora.jpg */ = {isa = PBXFileReference; lastKnownFileType = image.jpeg; path = TurkishAngora.jpg; sourceTree = "<group>"; };
		BCAEEC6F2BA5D08D005AEC0F /* Van.jpg */ = {isa = PBXFileReference; lastKnownFileType = image.jpeg; path = Van.jpg; sourceTree = "<group>"; };
		BCAEEC712BA5D08D005AEC0F /* breeds_malformed.json */ = {isa = PBXFileReference; fileEncoding = 4; lastKnownFileType = text.json; path = breeds_malformed.json; sourceTree = "<group>"; };
		BCAEEC892BA5DEE1005AEC0F /* Modifier.swift */ = {isa = PBXFileReference; lastKnownFileType = sourcecode.swift; path = Modifier.swift; sourceTree = "<group>"; };
		BCAEEC8B2BA5E759005AEC0F /* CatFancySwiftUITestApp.swift */ = {isa = PBXFileReference; lastKnownFileType = sourcecode.swift; path = CatFancySwiftUITestApp.swift; sourceTree = "<group>"; };
		BCAEEC8D2BA5E7AC005AEC0F /* AppLauncher.swift */ = {isa = PBXFileReference; lastKnownFileType = sourcecode.swift; path = AppLauncher.swift; sourceTree = "<group>"; };
/* End PBXFileReference section */

/* Begin PBXFrameworksBuildPhase section */
		BC4B80512BA488D500DA33C9 /* Frameworks */ = {
			isa = PBXFrameworksBuildPhase;
			buildActionMask = 2147483647;
			files = (
			);
			runOnlyForDeploymentPostprocessing = 0;
		};
		BC4B80612BA488D600DA33C9 /* Frameworks */ = {
			isa = PBXFrameworksBuildPhase;
			buildActionMask = 2147483647;
			files = (
			);
			runOnlyForDeploymentPostprocessing = 0;
		};
/* End PBXFrameworksBuildPhase section */

/* Begin PBXGroup section */
		BC02EC6D2BA7144C00102B35 /* Helpers */ = {
			isa = PBXGroup;
			children = (
				BC02EC6E2BA7147900102B35 /* BreedsLoaderTests.swift */,
				BC02EC702BA716AF00102B35 /* GetterSetterFakeTests.swift */,
				BC02EC722BA7172600102B35 /* GetterSetterRealTests.swift */,
				BC02EC742BA7179100102B35 /* ImageLoaderTests.swift */,
				BC02EC762BA7186200102B35 /* SoundPlayerDummyTests.swift */,
				BC02EC782BA718B300102B35 /* SoundPlayerRealTests.swift */,
				BC02EC7A2BA7193900102B35 /* URLExtensionTests.swift */,
				BC02EC7C2BA719FD00102B35 /* URLProtocolStubTests.swift */,
				BC02EC7E2BA71ADD00102B35 /* URLSessionExtensionTests.swift */,
			);
			path = Helpers;
			sourceTree = "<group>";
		};
		BC02EC802BA71BAA00102B35 /* Models */ = {
			isa = PBXGroup;
			children = (
				BC02EC812BA71BBB00102B35 /* BreedsURLTests.swift */,
				BC02EC832BA71D3F00102B35 /* BreedTests.swift */,
				BC02EC852BA71DC200102B35 /* LicenseTests.swift */,
				BC02EC892BA71E5000102B35 /* SettingsTests.swift */,
				BC02EC8B2BA7202F00102B35 /* SortOrderTests.swift */,
				BC02EC8D2BA720B200102B35 /* WorldTests.swift */,
			);
			path = Models;
			sourceTree = "<group>";
		};
		BC4B804B2BA488D500DA33C9 = {
			isa = PBXGroup;
			children = (
				BC4B80562BA488D500DA33C9 /* CatFancySwiftUI */,
				BC4B80672BA488D600DA33C9 /* CatFancySwiftUITests */,
				BC4B80552BA488D500DA33C9 /* Products */,
			);
			sourceTree = "<group>";
		};
		BC4B80552BA488D500DA33C9 /* Products */ = {
			isa = PBXGroup;
			children = (
				BC4B80542BA488D500DA33C9 /* CatFancySwiftUI.app */,
				BC4B80642BA488D600DA33C9 /* CatFancySwiftUITests.xctest */,
			);
			name = Products;
			sourceTree = "<group>";
		};
		BC4B80562BA488D500DA33C9 /* CatFancySwiftUI */ = {
			isa = PBXGroup;
			children = (
				BC4B80862BA48BA200DA33C9 /* App */,
				BC4B80832BA4896B00DA33C9 /* Assets */,
				BC4B80812BA4892400DA33C9 /* Helpers */,
				BCAEEC532BA5CBB0005AEC0F /* MockData */,
				BC4B80822BA4893B00DA33C9 /* Models */,
				BC4B80842BA4898200DA33C9 /* ViewModels */,
				BC4B80852BA48B7700DA33C9 /* Views */,
			);
			path = CatFancySwiftUI;
			sourceTree = "<group>";
		};
		BC4B80672BA488D600DA33C9 /* CatFancySwiftUITests */ = {
			isa = PBXGroup;
			children = (
				BC02EC6D2BA7144C00102B35 /* Helpers */,
				BC02EC802BA71BAA00102B35 /* Models */,
				BCAEEC902BA5E88D005AEC0F /* ViewModels */,
			);
			path = CatFancySwiftUITests;
			sourceTree = "<group>";
		};
		BC4B80812BA4892400DA33C9 /* Helpers */ = {
			isa = PBXGroup;
			children = (
				BC4B809D2BA4907300DA33C9 /* BreedsLoader.swift */,
				BCAEEC472BA5C9D7005AEC0F /* GetterSetter.swift */,
				BCAEEC4B2BA5C9EB005AEC0F /* GetterSetterFake.swift */,
				BCAEEC492BA5C9E1005AEC0F /* GetterSetterReal.swift */,
				BCAEEC582BA5CC76005AEC0F /* ImageLoader.swift */,
				BCAEEC382BA5B2C6005AEC0F /* Layout.swift */,
				BC4B80992BA48FE900DA33C9 /* SoundPlayer.swift */,
				BCAEEC452BA5C9A8005AEC0F /* SoundPlayerDummy.swift */,
				BCAEEC432BA5C933005AEC0F /* SoundPlayerReal.swift */,
				BC4B80972BA48FAD00DA33C9 /* URLExtension.swift */,
				BCAEEC562BA5CC4B005AEC0F /* URLProtocolStub.swift */,
				BCAEEC512BA5CB95005AEC0F /* URLSessionExtension.swift */,
			);
			path = Helpers;
			sourceTree = "<group>";
		};
		BC4B80822BA4893B00DA33C9 /* Models */ = {
			isa = PBXGroup;
			children = (
				BC4B80932BA48F3D00DA33C9 /* Breed.swift */,
				BC4B809F2BA4909100DA33C9 /* Breeds.swift */,
				BCAEEC4D2BA5CAE7005AEC0F /* BreedsURL.swift */,
				BC4B80952BA48F6600DA33C9 /* License.swift */,
				BCAEEC4F2BA5CB1E005AEC0F /* SessionType.swift */,
				BCAEEC3F2BA5BF75005AEC0F /* Settings.swift */,
				BCAEEC3D2BA5BF3C005AEC0F /* SortOrder.swift */,
				BC4B809B2BA4901100DA33C9 /* Sound.swift */,
				BCAEEC412BA5C8C6005AEC0F /* World.swift */,
			);
			path = Models;
			sourceTree = "<group>";
		};
		BC4B80832BA4896B00DA33C9 /* Assets */ = {
			isa = PBXGroup;
			children = (
				BC4B805B2BA488D600DA33C9 /* Assets.xcassets */,
				BC4B808F2BA48F2C00DA33C9 /* chime.mp3 */,
				BC4B80902BA48F2C00DA33C9 /* sadTrombone.mp3 */,
			);
			path = Assets;
			sourceTree = "<group>";
		};
		BC4B80842BA4898200DA33C9 /* ViewModels */ = {
			isa = PBXGroup;
			children = (
				BC4B808D2BA48ED400DA33C9 /* BrowseBreedsViewModel.swift */,
			);
			path = ViewModels;
			sourceTree = "<group>";
		};
		BC4B80852BA48B7700DA33C9 /* Views */ = {
			isa = PBXGroup;
			children = (
				BCAEEC3A2BA5BCEE005AEC0F /* BreedDetailsView.swift */,
				BC4B80892BA48D2400DA33C9 /* BrowseBreedsView.swift */,
				BCAEEC362BA5B2A5005AEC0F /* ErrorRetryView.swift */,
				BC4B80872BA48C4A00DA33C9 /* MainTabView.swift */,
				BCAEEC892BA5DEE1005AEC0F /* Modifier.swift */,
				BC4B808B2BA48D3700DA33C9 /* SettingsView.swift */,
			);
			path = Views;
			sourceTree = "<group>";
		};
		BC4B80862BA48BA200DA33C9 /* App */ = {
			isa = PBXGroup;
			children = (
				BC4B80572BA488D500DA33C9 /* CatFancySwiftUIApp.swift */,
				BCAEEC8B2BA5E759005AEC0F /* CatFancySwiftUITestApp.swift */,
				BCAEEC8D2BA5E7AC005AEC0F /* AppLauncher.swift */,
			);
			path = App;
			sourceTree = "<group>";
		};
		BCAEEC532BA5CBB0005AEC0F /* MockData */ = {
			isa = PBXGroup;
			children = (
				BCAEEC5A2BA5D08C005AEC0F /* breeds_empty.json */,
				BCAEEC712BA5D08D005AEC0F /* breeds_malformed.json */,
				BCAEEC5B2BA5D08C005AEC0F /* breeds_with_more.json */,
				BCAEEC5C2BA5D08C005AEC0F /* breeds.json */,
				BCAEEC702BA5D08D005AEC0F /* CatImages */,
				BCAEEC542BA5CC02005AEC0F /* MockData.swift */,
			);
			path = MockData;
			sourceTree = "<group>";
		};
		BCAEEC702BA5D08D005AEC0F /* CatImages */ = {
			isa = PBXGroup;
			children = (
				BCAEEC5D2BA5D08D005AEC0F /* Abyssinian.jpg */,
				BCAEEC5E2BA5D08D005AEC0F /* Balinese.jpg */,
				BCAEEC5F2BA5D08D005AEC0F /* Bengal.jpg */,
				BCAEEC602BA5D08D005AEC0F /* Burmese.jpg */,
				BCAEEC612BA5D08D005AEC0F /* CloudedLeopard.jpg */,
				BCAEEC622BA5D08D005AEC0F /* DevonRex.jpg */,
				BCAEEC632BA5D08D005AEC0F /* EuropeanWildcat.jpg */,
				BCAEEC642BA5D08D005AEC0F /* MaineCoon.jpg */,
				BCAEEC652BA5D08D005AEC0F /* Manx.jpg */,
				BCAEEC662BA5D08D005AEC0F /* Ragdoll.jpg */,
				BCAEEC672BA5D08D005AEC0F /* RussianBlue.jpg */,
				BCAEEC682BA5D08D005AEC0F /* Sand.jpg */,
				BCAEEC692BA5D08D005AEC0F /* Savannah.jpg */,
				BCAEEC6A2BA5D08D005AEC0F /* Serval.jpg */,
				BCAEEC6B2BA5D08D005AEC0F /* Siamese.jpg */,
				BCAEEC6C2BA5D08D005AEC0F /* Smilodon.jpg */,
				BCAEEC6D2BA5D08D005AEC0F /* Tonkinese.jpg */,
				BCAEEC6E2BA5D08D005AEC0F /* TurkishAngora.jpg */,
				BCAEEC6F2BA5D08D005AEC0F /* Van.jpg */,
			);
			path = CatImages;
			sourceTree = "<group>";
		};
		BCAEEC902BA5E88D005AEC0F /* ViewModels */ = {
			isa = PBXGroup;
			children = (
				BC02EC8F2BA7211B00102B35 /* BrowseBreedsViewModelTests.swift */,
			);
			path = ViewModels;
			sourceTree = "<group>";
		};
/* End PBXGroup section */

/* Begin PBXNativeTarget section */
		BC4B80532BA488D500DA33C9 /* CatFancySwiftUI */ = {
			isa = PBXNativeTarget;
			buildConfigurationList = BC4B80782BA488D600DA33C9 /* Build configuration list for PBXNativeTarget "CatFancySwiftUI" */;
			buildPhases = (
				BC4B80502BA488D500DA33C9 /* Sources */,
				BC4B80512BA488D500DA33C9 /* Frameworks */,
				BC4B80522BA488D500DA33C9 /* Resources */,
			);
			buildRules = (
			);
			dependencies = (
			);
			name = CatFancySwiftUI;
			productName = CatFancySwiftUI;
			productReference = BC4B80542BA488D500DA33C9 /* CatFancySwiftUI.app */;
			productType = "com.apple.product-type.application";
		};
		BC4B80632BA488D600DA33C9 /* CatFancySwiftUITests */ = {
			isa = PBXNativeTarget;
			buildConfigurationList = BC4B807B2BA488D600DA33C9 /* Build configuration list for PBXNativeTarget "CatFancySwiftUITests" */;
			buildPhases = (
				BC4B80602BA488D600DA33C9 /* Sources */,
				BC4B80612BA488D600DA33C9 /* Frameworks */,
				BC4B80622BA488D600DA33C9 /* Resources */,
			);
			buildRules = (
			);
			dependencies = (
				BC4B80662BA488D600DA33C9 /* PBXTargetDependency */,
			);
			name = CatFancySwiftUITests;
			productName = CatFancySwiftUITests;
			productReference = BC4B80642BA488D600DA33C9 /* CatFancySwiftUITests.xctest */;
			productType = "com.apple.product-type.bundle.unit-test";
		};
/* End PBXNativeTarget section */

/* Begin PBXProject section */
		BC4B804C2BA488D500DA33C9 /* Project object */ = {
			isa = PBXProject;
			attributes = {
				BuildIndependentTargetsInParallel = 1;
				LastSwiftUpdateCheck = 1530;
				LastUpgradeCheck = 1530;
				TargetAttributes = {
					BC4B80532BA488D500DA33C9 = {
						CreatedOnToolsVersion = 15.3;
					};
					BC4B80632BA488D600DA33C9 = {
						CreatedOnToolsVersion = 15.3;
						LastSwiftMigration = 1530;
						TestTargetID = BC4B80532BA488D500DA33C9;
					};
				};
			};
			buildConfigurationList = BC4B804F2BA488D500DA33C9 /* Build configuration list for PBXProject "CatFancySwiftUI" */;
			compatibilityVersion = "Xcode 14.0";
			developmentRegion = en;
			hasScannedForEncodings = 0;
			knownRegions = (
				en,
				Base,
			);
			mainGroup = BC4B804B2BA488D500DA33C9;
			productRefGroup = BC4B80552BA488D500DA33C9 /* Products */;
			projectDirPath = "";
			projectRoot = "";
			targets = (
				BC4B80532BA488D500DA33C9 /* CatFancySwiftUI */,
				BC4B80632BA488D600DA33C9 /* CatFancySwiftUITests */,
			);
		};
/* End PBXProject section */

/* Begin PBXResourcesBuildPhase section */
		BC4B80522BA488D500DA33C9 /* Resources */ = {
			isa = PBXResourcesBuildPhase;
			buildActionMask = 2147483647;
			files = (
				BCAEEC752BA5D08D005AEC0F /* Abyssinian.jpg in Resources */,
				BCAEEC722BA5D08D005AEC0F /* breeds_empty.json in Resources */,
				BCAEEC862BA5D08D005AEC0F /* TurkishAngora.jpg in Resources */,
				BCAEEC822BA5D08D005AEC0F /* Serval.jpg in Resources */,
				BCAEEC7D2BA5D08D005AEC0F /* Manx.jpg in Resources */,
				BC4B805C2BA488D600DA33C9 /* Assets.xcassets in Resources */,
				BCAEEC812BA5D08D005AEC0F /* Savannah.jpg in Resources */,
				BCAEEC782BA5D08D005AEC0F /* Burmese.jpg in Resources */,
				BC4B80922BA48F2C00DA33C9 /* sadTrombone.mp3 in Resources */,
				BCAEEC842BA5D08D005AEC0F /* Smilodon.jpg in Resources */,
				BCAEEC882BA5D08D005AEC0F /* breeds_malformed.json in Resources */,
				BCAEEC792BA5D08D005AEC0F /* CloudedLeopard.jpg in Resources */,
				BC4B80912BA48F2C00DA33C9 /* chime.mp3 in Resources */,
				BCAEEC832BA5D08D005AEC0F /* Siamese.jpg in Resources */,
				BCAEEC742BA5D08D005AEC0F /* breeds.json in Resources */,
				BCAEEC7B2BA5D08D005AEC0F /* EuropeanWildcat.jpg in Resources */,
				BCAEEC762BA5D08D005AEC0F /* Balinese.jpg in Resources */,
				BCAEEC802BA5D08D005AEC0F /* Sand.jpg in Resources */,
				BCAEEC732BA5D08D005AEC0F /* breeds_with_more.json in Resources */,
				BCAEEC872BA5D08D005AEC0F /* Van.jpg in Resources */,
				BCAEEC7C2BA5D08D005AEC0F /* MaineCoon.jpg in Resources */,
				BCAEEC7A2BA5D08D005AEC0F /* DevonRex.jpg in Resources */,
				BCAEEC7F2BA5D08D005AEC0F /* RussianBlue.jpg in Resources */,
				BCAEEC772BA5D08D005AEC0F /* Bengal.jpg in Resources */,
				BCAEEC852BA5D08D005AEC0F /* Tonkinese.jpg in Resources */,
				BCAEEC7E2BA5D08D005AEC0F /* Ragdoll.jpg in Resources */,
			);
			runOnlyForDeploymentPostprocessing = 0;
		};
		BC4B80622BA488D600DA33C9 /* Resources */ = {
			isa = PBXResourcesBuildPhase;
			buildActionMask = 2147483647;
			files = (
			);
			runOnlyForDeploymentPostprocessing = 0;
		};
/* End PBXResourcesBuildPhase section */

/* Begin PBXSourcesBuildPhase section */
		BC4B80502BA488D500DA33C9 /* Sources */ = {
			isa = PBXSourcesBuildPhase;
			buildActionMask = 2147483647;
			files = (
				BCAEEC422BA5C8C6005AEC0F /* World.swift in Sources */,
				BCAEEC3B2BA5BCEE005AEC0F /* BreedDetailsView.swift in Sources */,
				BC4B80962BA48F6700DA33C9 /* License.swift in Sources */,
				BCAEEC592BA5CC76005AEC0F /* ImageLoader.swift in Sources */,
				BC4B80942BA48F3D00DA33C9 /* Breed.swift in Sources */,
				BCAEEC402BA5BF75005AEC0F /* Settings.swift in Sources */,
				BC4B809E2BA4907300DA33C9 /* BreedsLoader.swift in Sources */,
				BC4B808E2BA48ED400DA33C9 /* BrowseBreedsViewModel.swift in Sources */,
				BCAEEC462BA5C9A8005AEC0F /* SoundPlayerDummy.swift in Sources */,
				BC4B80A02BA4909100DA33C9 /* Breeds.swift in Sources */,
				BC4B808C2BA48D3700DA33C9 /* SettingsView.swift in Sources */,
				BCAEEC502BA5CB1E005AEC0F /* SessionType.swift in Sources */,
				BCAEEC4E2BA5CAE7005AEC0F /* BreedsURL.swift in Sources */,
				BC4B809A2BA48FE900DA33C9 /* SoundPlayer.swift in Sources */,
				BCAEEC8A2BA5DEE1005AEC0F /* Modifier.swift in Sources */,
				BC4B809C2BA4901100DA33C9 /* Sound.swift in Sources */,
				BC4B80582BA488D500DA33C9 /* CatFancySwiftUIApp.swift in Sources */,
				BCAEEC572BA5CC4B005AEC0F /* URLProtocolStub.swift in Sources */,
				BCAEEC4C2BA5C9EB005AEC0F /* GetterSetterFake.swift in Sources */,
				BCAEEC522BA5CB95005AEC0F /* URLSessionExtension.swift in Sources */,
				BC4B80982BA48FAD00DA33C9 /* URLExtension.swift in Sources */,
				BCAEEC372BA5B2A5005AEC0F /* ErrorRetryView.swift in Sources */,
				BCAEEC392BA5B2C6005AEC0F /* Layout.swift in Sources */,
				BC4B80882BA48C4A00DA33C9 /* MainTabView.swift in Sources */,
				BCAEEC4A2BA5C9E1005AEC0F /* GetterSetterReal.swift in Sources */,
				BCAEEC552BA5CC02005AEC0F /* MockData.swift in Sources */,
				BCAEEC482BA5C9D7005AEC0F /* GetterSetter.swift in Sources */,
				BCAEEC8C2BA5E759005AEC0F /* CatFancySwiftUITestApp.swift in Sources */,
				BCAEEC3E2BA5BF3C005AEC0F /* SortOrder.swift in Sources */,
				BCAEEC442BA5C933005AEC0F /* SoundPlayerReal.swift in Sources */,
				BC4B808A2BA48D2400DA33C9 /* BrowseBreedsView.swift in Sources */,
				BCAEEC8E2BA5E7AC005AEC0F /* AppLauncher.swift in Sources */,
			);
			runOnlyForDeploymentPostprocessing = 0;
		};
		BC4B80602BA488D600DA33C9 /* Sources */ = {
			isa = PBXSourcesBuildPhase;
			buildActionMask = 2147483647;
			files = (
				BC02EC792BA718B300102B35 /* SoundPlayerRealTests.swift in Sources */,
				BC02EC7B2BA7193900102B35 /* URLExtensionTests.swift in Sources */,
				BC02EC902BA7211B00102B35 /* BrowseBreedsViewModelTests.swift in Sources */,
				BC02EC822BA71BBB00102B35 /* BreedsURLTests.swift in Sources */,
				BC02EC732BA7172600102B35 /* GetterSetterRealTests.swift in Sources */,
				BC02EC842BA71D3F00102B35 /* BreedTests.swift in Sources */,
				BC02EC7D2BA719FD00102B35 /* URLProtocolStubTests.swift in Sources */,
				BC02EC7F2BA71ADD00102B35 /* URLSessionExtensionTests.swift in Sources */,
				BC02EC772BA7186200102B35 /* SoundPlayerDummyTests.swift in Sources */,
				BC02EC712BA716AF00102B35 /* GetterSetterFakeTests.swift in Sources */,
				BC02EC752BA7179100102B35 /* ImageLoaderTests.swift in Sources */,
				BC02EC6F2BA7147900102B35 /* BreedsLoaderTests.swift in Sources */,
				BC02EC862BA71DC200102B35 /* LicenseTests.swift in Sources */,
				BC02EC8E2BA720B200102B35 /* WorldTests.swift in Sources */,
				BC02EC8C2BA7202F00102B35 /* SortOrderTests.swift in Sources */,
				BC02EC8A2BA71E5000102B35 /* SettingsTests.swift in Sources */,
			);
			runOnlyForDeploymentPostprocessing = 0;
		};
/* End PBXSourcesBuildPhase section */

/* Begin PBXTargetDependency section */
		BC4B80662BA488D600DA33C9 /* PBXTargetDependency */ = {
			isa = PBXTargetDependency;
			target = BC4B80532BA488D500DA33C9 /* CatFancySwiftUI */;
			targetProxy = BC4B80652BA488D600DA33C9 /* PBXContainerItemProxy */;
		};
/* End PBXTargetDependency section */

/* Begin XCBuildConfiguration section */
		BC4B80762BA488D600DA33C9 /* Debug */ = {
			isa = XCBuildConfiguration;
			buildSettings = {
				ALWAYS_SEARCH_USER_PATHS = NO;
				ASSETCATALOG_COMPILER_GENERATE_SWIFT_ASSET_SYMBOL_EXTENSIONS = YES;
				CLANG_ANALYZER_NONNULL = YES;
				CLANG_ANALYZER_NUMBER_OBJECT_CONVERSION = YES_AGGRESSIVE;
				CLANG_CXX_LANGUAGE_STANDARD = "gnu++20";
				CLANG_ENABLE_MODULES = YES;
				CLANG_ENABLE_OBJC_ARC = YES;
				CLANG_ENABLE_OBJC_WEAK = YES;
				CLANG_WARN_BLOCK_CAPTURE_AUTORELEASING = YES;
				CLANG_WARN_BOOL_CONVERSION = YES;
				CLANG_WARN_COMMA = YES;
				CLANG_WARN_CONSTANT_CONVERSION = YES;
				CLANG_WARN_DEPRECATED_OBJC_IMPLEMENTATIONS = YES;
				CLANG_WARN_DIRECT_OBJC_ISA_USAGE = YES_ERROR;
				CLANG_WARN_DOCUMENTATION_COMMENTS = YES;
				CLANG_WARN_EMPTY_BODY = YES;
				CLANG_WARN_ENUM_CONVERSION = YES;
				CLANG_WARN_INFINITE_RECURSION = YES;
				CLANG_WARN_INT_CONVERSION = YES;
				CLANG_WARN_NON_LITERAL_NULL_CONVERSION = YES;
				CLANG_WARN_OBJC_IMPLICIT_RETAIN_SELF = YES;
				CLANG_WARN_OBJC_LITERAL_CONVERSION = YES;
				CLANG_WARN_OBJC_ROOT_CLASS = YES_ERROR;
				CLANG_WARN_QUOTED_INCLUDE_IN_FRAMEWORK_HEADER = YES;
				CLANG_WARN_RANGE_LOOP_ANALYSIS = YES;
				CLANG_WARN_STRICT_PROTOTYPES = YES;
				CLANG_WARN_SUSPICIOUS_MOVE = YES;
				CLANG_WARN_UNGUARDED_AVAILABILITY = YES_AGGRESSIVE;
				CLANG_WARN_UNREACHABLE_CODE = YES;
				CLANG_WARN__DUPLICATE_METHOD_MATCH = YES;
				COPY_PHASE_STRIP = NO;
				DEBUG_INFORMATION_FORMAT = dwarf;
				ENABLE_STRICT_OBJC_MSGSEND = YES;
				ENABLE_TESTABILITY = YES;
				ENABLE_USER_SCRIPT_SANDBOXING = YES;
				GCC_C_LANGUAGE_STANDARD = gnu17;
				GCC_DYNAMIC_NO_PIC = NO;
				GCC_NO_COMMON_BLOCKS = YES;
				GCC_OPTIMIZATION_LEVEL = 0;
				GCC_PREPROCESSOR_DEFINITIONS = (
					"DEBUG=1",
					"$(inherited)",
				);
				GCC_WARN_64_TO_32_BIT_CONVERSION = YES;
				GCC_WARN_ABOUT_RETURN_TYPE = YES_ERROR;
				GCC_WARN_UNDECLARED_SELECTOR = YES;
				GCC_WARN_UNINITIALIZED_AUTOS = YES_AGGRESSIVE;
				GCC_WARN_UNUSED_FUNCTION = YES;
				GCC_WARN_UNUSED_VARIABLE = YES;
				IPHONEOS_DEPLOYMENT_TARGET = 17.4;
				LOCALIZATION_PREFERS_STRING_CATALOGS = YES;
				MTL_ENABLE_DEBUG_INFO = INCLUDE_SOURCE;
				MTL_FAST_MATH = YES;
				ONLY_ACTIVE_ARCH = YES;
				SDKROOT = iphoneos;
				SWIFT_ACTIVE_COMPILATION_CONDITIONS = "DEBUG $(inherited)";
				SWIFT_OPTIMIZATION_LEVEL = "-Onone";
			};
			name = Debug;
		};
		BC4B80772BA488D600DA33C9 /* Release */ = {
			isa = XCBuildConfiguration;
			buildSettings = {
				ALWAYS_SEARCH_USER_PATHS = NO;
				ASSETCATALOG_COMPILER_GENERATE_SWIFT_ASSET_SYMBOL_EXTENSIONS = YES;
				CLANG_ANALYZER_NONNULL = YES;
				CLANG_ANALYZER_NUMBER_OBJECT_CONVERSION = YES_AGGRESSIVE;
				CLANG_CXX_LANGUAGE_STANDARD = "gnu++20";
				CLANG_ENABLE_MODULES = YES;
				CLANG_ENABLE_OBJC_ARC = YES;
				CLANG_ENABLE_OBJC_WEAK = YES;
				CLANG_WARN_BLOCK_CAPTURE_AUTORELEASING = YES;
				CLANG_WARN_BOOL_CONVERSION = YES;
				CLANG_WARN_COMMA = YES;
				CLANG_WARN_CONSTANT_CONVERSION = YES;
				CLANG_WARN_DEPRECATED_OBJC_IMPLEMENTATIONS = YES;
				CLANG_WARN_DIRECT_OBJC_ISA_USAGE = YES_ERROR;
				CLANG_WARN_DOCUMENTATION_COMMENTS = YES;
				CLANG_WARN_EMPTY_BODY = YES;
				CLANG_WARN_ENUM_CONVERSION = YES;
				CLANG_WARN_INFINITE_RECURSION = YES;
				CLANG_WARN_INT_CONVERSION = YES;
				CLANG_WARN_NON_LITERAL_NULL_CONVERSION = YES;
				CLANG_WARN_OBJC_IMPLICIT_RETAIN_SELF = YES;
				CLANG_WARN_OBJC_LITERAL_CONVERSION = YES;
				CLANG_WARN_OBJC_ROOT_CLASS = YES_ERROR;
				CLANG_WARN_QUOTED_INCLUDE_IN_FRAMEWORK_HEADER = YES;
				CLANG_WARN_RANGE_LOOP_ANALYSIS = YES;
				CLANG_WARN_STRICT_PROTOTYPES = YES;
				CLANG_WARN_SUSPICIOUS_MOVE = YES;
				CLANG_WARN_UNGUARDED_AVAILABILITY = YES_AGGRESSIVE;
				CLANG_WARN_UNREACHABLE_CODE = YES;
				CLANG_WARN__DUPLICATE_METHOD_MATCH = YES;
				COPY_PHASE_STRIP = NO;
				DEBUG_INFORMATION_FORMAT = "dwarf-with-dsym";
				ENABLE_NS_ASSERTIONS = NO;
				ENABLE_STRICT_OBJC_MSGSEND = YES;
				ENABLE_USER_SCRIPT_SANDBOXING = YES;
				GCC_C_LANGUAGE_STANDARD = gnu17;
				GCC_NO_COMMON_BLOCKS = YES;
				GCC_WARN_64_TO_32_BIT_CONVERSION = YES;
				GCC_WARN_ABOUT_RETURN_TYPE = YES_ERROR;
				GCC_WARN_UNDECLARED_SELECTOR = YES;
				GCC_WARN_UNINITIALIZED_AUTOS = YES_AGGRESSIVE;
				GCC_WARN_UNUSED_FUNCTION = YES;
				GCC_WARN_UNUSED_VARIABLE = YES;
				IPHONEOS_DEPLOYMENT_TARGET = 17.4;
				LOCALIZATION_PREFERS_STRING_CATALOGS = YES;
				MTL_ENABLE_DEBUG_INFO = NO;
				MTL_FAST_MATH = YES;
				SDKROOT = iphoneos;
				SWIFT_COMPILATION_MODE = wholemodule;
				VALIDATE_PRODUCT = YES;
			};
			name = Release;
		};
		BC4B80792BA488D600DA33C9 /* Debug */ = {
			isa = XCBuildConfiguration;
			buildSettings = {
				ASSETCATALOG_COMPILER_APPICON_NAME = AppIcon;
				ASSETCATALOG_COMPILER_GLOBAL_ACCENT_COLOR_NAME = AccentColor;
				CODE_SIGN_STYLE = Automatic;
				CURRENT_PROJECT_VERSION = 1;
				DEVELOPMENT_ASSET_PATHS = "";
				DEVELOPMENT_TEAM = KT6YTKK67V;
				ENABLE_PREVIEWS = YES;
				GENERATE_INFOPLIST_FILE = YES;
				INFOPLIST_KEY_UIApplicationSceneManifest_Generation = YES;
				INFOPLIST_KEY_UIApplicationSupportsIndirectInputEvents = YES;
				INFOPLIST_KEY_UILaunchScreen_Generation = YES;
				INFOPLIST_KEY_UISupportedInterfaceOrientations_iPad = "UIInterfaceOrientationPortrait UIInterfaceOrientationPortraitUpsideDown UIInterfaceOrientationLandscapeLeft UIInterfaceOrientationLandscapeRight";
				INFOPLIST_KEY_UISupportedInterfaceOrientations_iPhone = "UIInterfaceOrientationPortrait UIInterfaceOrientationLandscapeLeft UIInterfaceOrientationLandscapeRight";
				LD_RUNPATH_SEARCH_PATHS = (
					"$(inherited)",
					"@executable_path/Frameworks",
				);
				MARKETING_VERSION = 1.0;
				PRODUCT_BUNDLE_IDENTIFIER = com.flauta.romeo.CatFancySwiftUI;
				PRODUCT_NAME = "$(TARGET_NAME)";
				SWIFT_EMIT_LOC_STRINGS = YES;
				SWIFT_VERSION = 5.0;
				TARGETED_DEVICE_FAMILY = "1,2";
			};
			name = Debug;
		};
		BC4B807A2BA488D600DA33C9 /* Release */ = {
			isa = XCBuildConfiguration;
			buildSettings = {
				ASSETCATALOG_COMPILER_APPICON_NAME = AppIcon;
				ASSETCATALOG_COMPILER_GLOBAL_ACCENT_COLOR_NAME = AccentColor;
				CODE_SIGN_STYLE = Automatic;
				CURRENT_PROJECT_VERSION = 1;
				DEVELOPMENT_ASSET_PATHS = "";
				DEVELOPMENT_TEAM = KT6YTKK67V;
				ENABLE_PREVIEWS = YES;
				GENERATE_INFOPLIST_FILE = YES;
				INFOPLIST_KEY_UIApplicationSceneManifest_Generation = YES;
				INFOPLIST_KEY_UIApplicationSupportsIndirectInputEvents = YES;
				INFOPLIST_KEY_UILaunchScreen_Generation = YES;
				INFOPLIST_KEY_UISupportedInterfaceOrientations_iPad = "UIInterfaceOrientationPortrait UIInterfaceOrientationPortraitUpsideDown UIInterfaceOrientationLandscapeLeft UIInterfaceOrientationLandscapeRight";
				INFOPLIST_KEY_UISupportedInterfaceOrientations_iPhone = "UIInterfaceOrientationPortrait UIInterfaceOrientationLandscapeLeft UIInterfaceOrientationLandscapeRight";
				LD_RUNPATH_SEARCH_PATHS = (
					"$(inherited)",
					"@executable_path/Frameworks",
				);
				MARKETING_VERSION = 1.0;
				PRODUCT_BUNDLE_IDENTIFIER = com.flauta.romeo.CatFancySwiftUI;
				PRODUCT_NAME = "$(TARGET_NAME)";
				SWIFT_EMIT_LOC_STRINGS = YES;
				SWIFT_VERSION = 5.0;
				TARGETED_DEVICE_FAMILY = "1,2";
			};
			name = Release;
		};
		BC4B807C2BA488D600DA33C9 /* Debug */ = {
			isa = XCBuildConfiguration;
			buildSettings = {
				ALWAYS_EMBED_SWIFT_STANDARD_LIBRARIES = YES;
				BUNDLE_LOADER = "$(TEST_HOST)";
				CLANG_ENABLE_MODULES = YES;
				CODE_SIGN_STYLE = Automatic;
				CURRENT_PROJECT_VERSION = 1;
				DEVELOPMENT_TEAM = KT6YTKK67V;
				GENERATE_INFOPLIST_FILE = YES;
				IPHONEOS_DEPLOYMENT_TARGET = 17.4;
				MARKETING_VERSION = 1.0;
				PRODUCT_BUNDLE_IDENTIFIER = com.flauta.romeo.CatFancySwiftUITests;
				PRODUCT_NAME = "$(TARGET_NAME)";
				SWIFT_EMIT_LOC_STRINGS = NO;
				SWIFT_OPTIMIZATION_LEVEL = "-Onone";
				SWIFT_VERSION = 5.0;
				TARGETED_DEVICE_FAMILY = "1,2";
				TEST_HOST = "$(BUILT_PRODUCTS_DIR)/CatFancySwiftUI.app/$(BUNDLE_EXECUTABLE_FOLDER_PATH)/CatFancySwiftUI";
			};
			name = Debug;
		};
		BC4B807D2BA488D600DA33C9 /* Release */ = {
			isa = XCBuildConfiguration;
			buildSettings = {
				ALWAYS_EMBED_SWIFT_STANDARD_LIBRARIES = YES;
				BUNDLE_LOADER = "$(TEST_HOST)";
				CLANG_ENABLE_MODULES = YES;
				CODE_SIGN_STYLE = Automatic;
				CURRENT_PROJECT_VERSION = 1;
				DEVELOPMENT_TEAM = KT6YTKK67V;
				GENERATE_INFOPLIST_FILE = YES;
				IPHONEOS_DEPLOYMENT_TARGET = 17.4;
				MARKETING_VERSION = 1.0;
				PRODUCT_BUNDLE_IDENTIFIER = com.flauta.romeo.CatFancySwiftUITests;
				PRODUCT_NAME = "$(TARGET_NAME)";
				SWIFT_EMIT_LOC_STRINGS = NO;
				SWIFT_VERSION = 5.0;
				TARGETED_DEVICE_FAMILY = "1,2";
				TEST_HOST = "$(BUILT_PRODUCTS_DIR)/CatFancySwiftUI.app/$(BUNDLE_EXECUTABLE_FOLDER_PATH)/CatFancySwiftUI";
			};
			name = Release;
		};
/* End XCBuildConfiguration section */

/* Begin XCConfigurationList section */
		BC4B804F2BA488D500DA33C9 /* Build configuration list for PBXProject "CatFancySwiftUI" */ = {
			isa = XCConfigurationList;
			buildConfigurations = (
				BC4B80762BA488D600DA33C9 /* Debug */,
				BC4B80772BA488D600DA33C9 /* Release */,
			);
			defaultConfigurationIsVisible = 0;
			defaultConfigurationName = Release;
		};
		BC4B80782BA488D600DA33C9 /* Build configuration list for PBXNativeTarget "CatFancySwiftUI" */ = {
			isa = XCConfigurationList;
			buildConfigurations = (
				BC4B80792BA488D600DA33C9 /* Debug */,
				BC4B807A2BA488D600DA33C9 /* Release */,
			);
			defaultConfigurationIsVisible = 0;
			defaultConfigurationName = Release;
		};
		BC4B807B2BA488D600DA33C9 /* Build configuration list for PBXNativeTarget "CatFancySwiftUITests" */ = {
			isa = XCConfigurationList;
			buildConfigurations = (
				BC4B807C2BA488D600DA33C9 /* Debug */,
				BC4B807D2BA488D600DA33C9 /* Release */,
			);
			defaultConfigurationIsVisible = 0;
			defaultConfigurationName = Release;
		};
/* End XCConfigurationList section */
	};
	rootObject = BC4B804C2BA488D500DA33C9 /* Project object */;
}
